
Microsoft Visual Studio Solution File, Format Version 12.00
# Visual Studio Version 16
VisualStudioVersion = 16.0.29209.62
MinimumVisualStudioVersion = 10.0.40219.1
Project("{FAE04EC0-301F-11D3-BF4B-00C04F79EFBC}") = "Semana2CasoPropuesto3", "Semana2CasoPropuesto3\Semana2CasoPropuesto3.csproj", "{24F99FF4-221B-4558-9FAD-7DDB30F529C8}"
EndProject
Global
	GlobalSection(SolutionConfigurationPlatforms) = preSolution
		Debug|Any CPU = Debug|Any CPU
		Release|Any CPU = Release|Any CPU
	EndGlobalSection
	GlobalSection(ProjectConfigurationPlatforms) = postSolution
		{24F99FF4-221B-4558-9FAD-7DDB30F529C8}.Debug|Any CPU.ActiveCfg = Debug|Any CPU
		{24F99FF4-221B-4558-9FAD-7DDB30F529C8}.Debug|Any CPU.Build.0 = Debug|Any CPU
		{24F99FF4-221B-4558-9FAD-7DDB30F529C8}.Release|Any CPU.ActiveCfg = Release|Any CPU
		{24F99FF4-221B-4558-9FAD-7DDB30F529C8}.Release|Any CPU.Build.0 = Release|Any CPU
	EndGlobalSection
	GlobalSection(SolutionProperties) = preSolution
		HideSolutionNode = FALSE
	EndGlobalSection
	GlobalSection(ExtensibilityGlobals) = postSolution
		SolutionGuid = {6E42C0A6-2743-4D9C-BC5B-2AB7A75DCE61}
	EndGlobalSection
EndGlobal
